
Microsoft Visual Studio Solution File, Format Version 11.00
# Visual C# Express 2010
Project("{FAE04EC0-301F-11D3-BF4B-00C04F79EFBC}") = "IEController", "IEController\IEController.csproj", "{EDF86B93-5B17-4B6F-9DAB-A89C08D990AB}"
EndProject
Project("{FAE04EC0-301F-11D3-BF4B-00C04F79EFBC}") = "IEControllerTest", "IEControllerTest\IEControllerTest.csproj", "{F62530DA-BF2F-4218-BC31-308EB42F0D37}"
EndProject
Project("{FAE04EC0-301F-11D3-BF4B-00C04F79EFBC}") = "DsxApplication", "DsxApplication\DsxApplication.csproj", "{738676EA-1196-4811-BB18-86FC9D524EEF}"
EndProject
Project("{FAE04EC0-301F-11D3-BF4B-00C04F79EFBC}") = "TargetApplication", "TargetApplication\TargetApplication.csproj", "{042E4130-D216-4B6D-A492-683E39B5DDFC}"
EndProject
Project("{FAE04EC0-301F-11D3-BF4B-00C04F79EFBC}") = "TestProgram", "TestProgram\TestProgram.csproj", "{65EDB262-38E8-44DC-BBFF-4EBB36171C9E}"
EndProject
Project("{FAE04EC0-301F-11D3-BF4B-00C04F79EFBC}") = "DsxGuiTest", "DsxGuiTest\DsxGuiTest.csproj", "{43B506FE-86D5-4E0D-8CD1-6AB5DE5C57E7}"
EndProject
Global
	GlobalSection(SolutionConfigurationPlatforms) = preSolution
		Debug|Any CPU = Debug|Any CPU
		Release|Any CPU = Release|Any CPU
	EndGlobalSection
	GlobalSection(ProjectConfigurationPlatforms) = postSolution
		{EDF86B93-5B17-4B6F-9DAB-A89C08D990AB}.Debug|Any CPU.ActiveCfg = Debug|Any CPU
		{EDF86B93-5B17-4B6F-9DAB-A89C08D990AB}.Debug|Any CPU.Build.0 = Debug|Any CPU
		{EDF86B93-5B17-4B6F-9DAB-A89C08D990AB}.Release|Any CPU.ActiveCfg = Release|Any CPU
		{F62530DA-BF2F-4218-BC31-308EB42F0D37}.Debug|Any CPU.ActiveCfg = Debug|Any CPU
		{F62530DA-BF2F-4218-BC31-308EB42F0D37}.Debug|Any CPU.Build.0 = Debug|Any CPU
		{F62530DA-BF2F-4218-BC31-308EB42F0D37}.Release|Any CPU.ActiveCfg = Release|Any CPU
		{738676EA-1196-4811-BB18-86FC9D524EEF}.Debug|Any CPU.ActiveCfg = Debug|Any CPU
		{738676EA-1196-4811-BB18-86FC9D524EEF}.Debug|Any CPU.Build.0 = Debug|Any CPU
		{738676EA-1196-4811-BB18-86FC9D524EEF}.Release|Any CPU.ActiveCfg = Release|Any CPU
		{738676EA-1196-4811-BB18-86FC9D524EEF}.Release|Any CPU.Build.0 = Release|Any CPU
		{042E4130-D216-4B6D-A492-683E39B5DDFC}.Debug|Any CPU.ActiveCfg = Debug|Any CPU
		{042E4130-D216-4B6D-A492-683E39B5DDFC}.Debug|Any CPU.Build.0 = Debug|Any CPU
		{042E4130-D216-4B6D-A492-683E39B5DDFC}.Release|Any CPU.ActiveCfg = Release|Any CPU
		{65EDB262-38E8-44DC-BBFF-4EBB36171C9E}.Debug|Any CPU.ActiveCfg = Debug|Any CPU
		{65EDB262-38E8-44DC-BBFF-4EBB36171C9E}.Debug|Any CPU.Build.0 = Debug|Any CPU
		{65EDB262-38E8-44DC-BBFF-4EBB36171C9E}.Release|Any CPU.ActiveCfg = Release|Any CPU
		{43B506FE-86D5-4E0D-8CD1-6AB5DE5C57E7}.Debug|Any CPU.ActiveCfg = Debug|Any CPU
		{43B506FE-86D5-4E0D-8CD1-6AB5DE5C57E7}.Debug|Any CPU.Build.0 = Debug|Any CPU
		{43B506FE-86D5-4E0D-8CD1-6AB5DE5C57E7}.Release|Any CPU.ActiveCfg = Release|Any CPU
		{43B506FE-86D5-4E0D-8CD1-6AB5DE5C57E7}.Release|Any CPU.Build.0 = Release|Any CPU
	EndGlobalSection
	GlobalSection(SolutionProperties) = preSolution
		HideSolutionNode = FALSE
	EndGlobalSection
EndGlobal
