
Microsoft Visual Studio Solution File, Format Version 12.00
# Visual Studio Version 16
VisualStudioVersion = 16.0.29201.188
MinimumVisualStudioVersion = 10.0.40219.1
Project("{FAE04EC0-301F-11D3-BF4B-00C04F79EFBC}") = "BoundingRectangle", "BoundingRectangle\BoundingRectangle.csproj", "{ED40093F-20B1-421D-97EB-FC52F0DC763D}"
EndProject
Global
	GlobalSection(SolutionConfigurationPlatforms) = preSolution
		Debug|Any CPU = Debug|Any CPU
		Release|Any CPU = Release|Any CPU
	EndGlobalSection
	GlobalSection(ProjectConfigurationPlatforms) = postSolution
		{ED40093F-20B1-421D-97EB-FC52F0DC763D}.Debug|Any CPU.ActiveCfg = Debug|Any CPU
		{ED40093F-20B1-421D-97EB-FC52F0DC763D}.Debug|Any CPU.Build.0 = Debug|Any CPU
		{ED40093F-20B1-421D-97EB-FC52F0DC763D}.Release|Any CPU.ActiveCfg = Release|Any CPU
		{ED40093F-20B1-421D-97EB-FC52F0DC763D}.Release|Any CPU.Build.0 = Release|Any CPU
	EndGlobalSection
	GlobalSection(SolutionProperties) = preSolution
		HideSolutionNode = FALSE
	EndGlobalSection
	GlobalSection(ExtensibilityGlobals) = postSolution
		SolutionGuid = {862A87CC-27AC-46C9-A9D6-C25E08260ED1}
	EndGlobalSection
EndGlobal
