<?xml version="1.0" encoding="utf-8"?>
<Project ToolsVersion="4.0" xmlns="http://schemas.microsoft.com/developer/msbuild/2003">
  <ItemGroup>
    <Filter Include="ソース ファイル">
      <UniqueIdentifier>{4FC737F1-C7A5-4376-A066-2A32D752A2FF}</UniqueIdentifier>
      <Extensions>cpp;c;cc;cxx;def;odl;idl;hpj;bat;asm;asmx</Extensions>
    </Filter>
  </ItemGroup>
  <ItemGroup>
    <ClCompile Include="q_math.c">
      <Filter>ソース ファイル</Filter>
    </ClCompile>
    <ClCompile Include="q_shared.c">
      <Filter>ソース ファイル</Filter>
    </ClCompile>
    <ClCompile Include="common.c">
      <Filter>ソース ファイル</Filter>
    </ClCompile>
    <ClCompile Include="cm_load.c">
      <Filter>ソース ファイル</Filter>
    </ClCompile>
    <ClCompile Include="cm_test.c">
      <Filter>ソース ファイル</Filter>
    </ClCompile>
    <ClCompile Include="cm_trace.c">
      <Filter>ソース ファイル</Filter>
    </ClCompile>
    <ClCompile Include="vm.c">
      <Filter>ソース ファイル</Filter>
    </ClCompile>
    <ClCompile Include="cmd.c">
      <Filter>ソース ファイル</Filter>
    </ClCompile>
    <ClCompile Include="cvar.c">
      <Filter>ソース ファイル</Filter>
    </ClCompile>
    <ClCompile Include="files.c">
      <Filter>ソース ファイル</Filter>
    </ClCompile>
    <ClCompile Include="unzip.c">
      <Filter>ソース ファイル</Filter>
    </ClCompile>
    <ClCompile Include="msg.c">
      <Filter>ソース ファイル</Filter>
    </ClCompile>
    <ClCompile Include="cm_patch.c">
      <Filter>ソース ファイル</Filter>
    </ClCompile>
    <ClCompile Include="net_chan.c">
      <Filter>ソース ファイル</Filter>
    </ClCompile>
    <ClCompile Include="huffman.c">
      <Filter>ソース ファイル</Filter>
    </ClCompile>
    <ClCompile Include="cm_polylib.c">
      <Filter>ソース ファイル</Filter>
    </ClCompile>
    <ClCompile Include="vm_interpreted.c">
      <Filter>ソース ファイル</Filter>
    </ClCompile>
    <ClCompile Include="vm_x86.c">
      <Filter>ソース ファイル</Filter>
    </ClCompile>
    <ClCompile Include="md4.c">
      <Filter>ソース ファイル</Filter>
    </ClCompile>
  </ItemGroup>
</Project>