
Microsoft Visual Studio Solution File, Format Version 12.00
# Visual Studio 15
VisualStudioVersion = 15.0.27004.2009
MinimumVisualStudioVersion = 10.0.40219.1
Project("{FAE04EC0-301F-11D3-BF4B-00C04F79EFBC}") = "Akiyama", "Akiyama\Akiyama.csproj", "{0382A1EC-BDBE-4F6A-B708-96A981F98E55}"
EndProject
Project("{FAE04EC0-301F-11D3-BF4B-00C04F79EFBC}") = "AkiyamaTest", "AkiyamaTest\AkiyamaTest.csproj", "{70F90F68-683E-48E6-BC97-5B2E0BFF5297}"
EndProject
Global
	GlobalSection(SolutionConfigurationPlatforms) = preSolution
		Debug|Any CPU = Debug|Any CPU
		Release|Any CPU = Release|Any CPU
	EndGlobalSection
	GlobalSection(ProjectConfigurationPlatforms) = postSolution
		{0382A1EC-BDBE-4F6A-B708-96A981F98E55}.Debug|Any CPU.ActiveCfg = Debug|Any CPU
		{0382A1EC-BDBE-4F6A-B708-96A981F98E55}.Debug|Any CPU.Build.0 = Debug|Any CPU
		{0382A1EC-BDBE-4F6A-B708-96A981F98E55}.Release|Any CPU.ActiveCfg = Release|Any CPU
		{0382A1EC-BDBE-4F6A-B708-96A981F98E55}.Release|Any CPU.Build.0 = Release|Any CPU
		{70F90F68-683E-48E6-BC97-5B2E0BFF5297}.Debug|Any CPU.ActiveCfg = Debug|Any CPU
		{70F90F68-683E-48E6-BC97-5B2E0BFF5297}.Debug|Any CPU.Build.0 = Debug|Any CPU
		{70F90F68-683E-48E6-BC97-5B2E0BFF5297}.Release|Any CPU.ActiveCfg = Release|Any CPU
		{70F90F68-683E-48E6-BC97-5B2E0BFF5297}.Release|Any CPU.Build.0 = Release|Any CPU
	EndGlobalSection
	GlobalSection(SolutionProperties) = preSolution
		HideSolutionNode = FALSE
	EndGlobalSection
	GlobalSection(ExtensibilityGlobals) = postSolution
		SolutionGuid = {7EE0ADD3-60FF-4249-82F3-43954587DCA9}
	EndGlobalSection
EndGlobal
