<?xml version="1.0" encoding="utf-8"?>
<Project ToolsVersion="4.0" xmlns="http://schemas.microsoft.com/developer/msbuild/2003">
  <ItemGroup>
    <Filter Include="Header Files">
      <UniqueIdentifier>{72657b48-749d-438e-b50d-68f8dc495cd5}</UniqueIdentifier>
    </Filter>
    <Filter Include="Source Files">
      <UniqueIdentifier>{fd471ef1-d474-489c-a355-5937a399c8bc}</UniqueIdentifier>
    </Filter>
    <Filter Include="high_level">
      <UniqueIdentifier>{bef7633a-0814-4a73-8783-344bb052facb}</UniqueIdentifier>
    </Filter>
    <Filter Include="Common">
      <UniqueIdentifier>{6b446749-4d61-4717-97ec-d73bde2f0ad7}</UniqueIdentifier>
    </Filter>
  </ItemGroup>
  <ItemGroup>
    <ClInclude Include="physics_func.h">
      <Filter>Header Files</Filter>
    </ClInclude>
    <ClInclude Include="high_level\pfx_rigidbody_world.h">
      <Filter>high_level</Filter>
    </ClInclude>
    <ClInclude Include="high_level\pfx_rigidbody_world_implementation.h">
      <Filter>high_level</Filter>
    </ClInclude>
    <ClInclude Include="..\api_physics_effects\common\common.h">
      <Filter>Common</Filter>
    </ClInclude>
    <ClInclude Include="..\api_physics_effects\common\create_render_mesh.h">
      <Filter>Common</Filter>
    </ClInclude>
    <ClInclude Include="..\api_physics_effects\common\ctrl_func.h">
      <Filter>Common</Filter>
    </ClInclude>
    <ClInclude Include="..\api_physics_effects\common\perf_func.h">
      <Filter>Common</Filter>
    </ClInclude>
    <ClInclude Include="..\api_physics_effects\common\render_func.h">
      <Filter>Common</Filter>
    </ClInclude>
  </ItemGroup>
  <ItemGroup>
    <ClCompile Include="main.cpp">
      <Filter>Source Files</Filter>
    </ClCompile>
    <ClCompile Include="physics_func.cpp">
      <Filter>Source Files</Filter>
    </ClCompile>
    <ClCompile Include="high_level\pfx_rigidbody_world.cpp">
      <Filter>high_level</Filter>
    </ClCompile>
    <ClCompile Include="..\api_physics_effects\common\create_render_mesh.cpp">
      <Filter>Common</Filter>
    </ClCompile>
    <ClCompile Include="..\api_physics_effects\common\ctrl_func.win32.cpp">
      <Filter>Common</Filter>
    </ClCompile>
    <ClCompile Include="..\api_physics_effects\common\perf_func.win32.cpp">
      <Filter>Common</Filter>
    </ClCompile>
    <ClCompile Include="..\api_physics_effects\common\render_func.win32.cpp">
      <Filter>Common</Filter>
    </ClCompile>
  </ItemGroup>
</Project>