
Microsoft Visual Studio Solution File, Format Version 12.00
# Visual Studio Version 16
VisualStudioVersion = 16.0.28803.352
MinimumVisualStudioVersion = 10.0.40219.1
Project("{FAE04EC0-301F-11D3-BF4B-00C04F79EFBC}") = "TestUserNameControl", "TestUserNameControl\TestUserNameControl.csproj", "{07CDEBEF-9955-4454-AFC4-E3A9DA3102EF}"
EndProject
Project("{FAE04EC0-301F-11D3-BF4B-00C04F79EFBC}") = "UserNameControl", "UserNameUserControl\UserNameControl.csproj", "{A68584F5-1C5B-4020-BC10-8B9965994920}"
EndProject
Global
	GlobalSection(SolutionConfigurationPlatforms) = preSolution
		Debug|Any CPU = Debug|Any CPU
		Release|Any CPU = Release|Any CPU
	EndGlobalSection
	GlobalSection(ProjectConfigurationPlatforms) = postSolution
		{07CDEBEF-9955-4454-AFC4-E3A9DA3102EF}.Debug|Any CPU.ActiveCfg = Debug|Any CPU
		{07CDEBEF-9955-4454-AFC4-E3A9DA3102EF}.Debug|Any CPU.Build.0 = Debug|Any CPU
		{07CDEBEF-9955-4454-AFC4-E3A9DA3102EF}.Release|Any CPU.ActiveCfg = Release|Any CPU
		{07CDEBEF-9955-4454-AFC4-E3A9DA3102EF}.Release|Any CPU.Build.0 = Release|Any CPU
		{A68584F5-1C5B-4020-BC10-8B9965994920}.Debug|Any CPU.ActiveCfg = Debug|Any CPU
		{A68584F5-1C5B-4020-BC10-8B9965994920}.Debug|Any CPU.Build.0 = Debug|Any CPU
		{A68584F5-1C5B-4020-BC10-8B9965994920}.Release|Any CPU.ActiveCfg = Release|Any CPU
		{A68584F5-1C5B-4020-BC10-8B9965994920}.Release|Any CPU.Build.0 = Release|Any CPU
	EndGlobalSection
	GlobalSection(SolutionProperties) = preSolution
		HideSolutionNode = FALSE
	EndGlobalSection
	GlobalSection(ExtensibilityGlobals) = postSolution
		SolutionGuid = {CED501C1-10A3-42C2-A359-BC54C6CCF88D}
	EndGlobalSection
EndGlobal
