<?xml version="1.0" encoding="utf-8"?>
<Project ToolsVersion="4.0" xmlns="http://schemas.microsoft.com/developer/msbuild/2003">
  <ItemGroup>
    <Filter Include="Header Files">
      <UniqueIdentifier>{16e66b51-6c72-4582-9f97-216324e2c354}</UniqueIdentifier>
    </Filter>
    <Filter Include="Source Files">
      <UniqueIdentifier>{c16b48f3-0384-46ff-b3a1-87f02e922633}</UniqueIdentifier>
    </Filter>
    <Filter Include="Common">
      <UniqueIdentifier>{7e870dac-dea7-4a27-9578-7fa900e3957a}</UniqueIdentifier>
    </Filter>
  </ItemGroup>
  <ItemGroup>
    <ClInclude Include="physics_func.h">
      <Filter>Header Files</Filter>
    </ClInclude>
    <ClInclude Include="..\common\common.h">
      <Filter>Common</Filter>
    </ClInclude>
    <ClInclude Include="..\common\ctrl_func.h">
      <Filter>Common</Filter>
    </ClInclude>
    <ClInclude Include="..\common\perf_func.h">
      <Filter>Common</Filter>
    </ClInclude>
    <ClInclude Include="..\common\render_func.h">
      <Filter>Common</Filter>
    </ClInclude>
  </ItemGroup>
  <ItemGroup>
    <ClCompile Include="main.cpp">
      <Filter>Source Files</Filter>
    </ClCompile>
    <ClCompile Include="physics_func.cpp">
      <Filter>Source Files</Filter>
    </ClCompile>
    <ClCompile Include="..\common\ctrl_func.win32.cpp">
      <Filter>Common</Filter>
    </ClCompile>
    <ClCompile Include="..\common\perf_func.win32.cpp">
      <Filter>Common</Filter>
    </ClCompile>
    <ClCompile Include="..\common\render_func.win32.cpp">
      <Filter>Common</Filter>
    </ClCompile>
  </ItemGroup>
</Project>