<?xml version="1.0" encoding="utf-8"?>
<Project ToolsVersion="4.0" xmlns="http://schemas.microsoft.com/developer/msbuild/2003">
  <ItemGroup>
    <Filter Include="Header Files">
      <UniqueIdentifier>{c42fe717-3943-4cff-8818-430d8f3e1ed2}</UniqueIdentifier>
    </Filter>
    <Filter Include="Source Files">
      <UniqueIdentifier>{3144e971-a5be-477c-aa95-0e05105d8eb2}</UniqueIdentifier>
    </Filter>
    <Filter Include="Common">
      <UniqueIdentifier>{205971c2-fe7a-4148-a5b2-f6250fd752a1}</UniqueIdentifier>
    </Filter>
  </ItemGroup>
  <ItemGroup>
    <ClInclude Include="physics_func.h">
      <Filter>Header Files</Filter>
    </ClInclude>
    <ClInclude Include="..\common\common.h">
      <Filter>Common</Filter>
    </ClInclude>
    <ClInclude Include="..\common\ctrl_func.h">
      <Filter>Common</Filter>
    </ClInclude>
    <ClInclude Include="..\common\perf_func.h">
      <Filter>Common</Filter>
    </ClInclude>
    <ClInclude Include="..\common\render_func.h">
      <Filter>Common</Filter>
    </ClInclude>
  </ItemGroup>
  <ItemGroup>
    <ClCompile Include="main.cpp">
      <Filter>Source Files</Filter>
    </ClCompile>
    <ClCompile Include="physics_func.cpp">
      <Filter>Source Files</Filter>
    </ClCompile>
    <ClCompile Include="..\common\ctrl_func.win32.cpp">
      <Filter>Common</Filter>
    </ClCompile>
    <ClCompile Include="..\common\perf_func.win32.cpp">
      <Filter>Common</Filter>
    </ClCompile>
    <ClCompile Include="..\common\render_func.win32.cpp">
      <Filter>Common</Filter>
    </ClCompile>
  </ItemGroup>
</Project>