<?xml version="1.0" encoding="utf-8"?>
<Project ToolsVersion="4.0" xmlns="http://schemas.microsoft.com/developer/msbuild/2003">
  <ItemGroup>
    <Filter Include="Header Files">
      <UniqueIdentifier>{3fc7ac02-6370-474a-a55a-ab52aaea0edd}</UniqueIdentifier>
    </Filter>
    <Filter Include="Source Files">
      <UniqueIdentifier>{bf665a0a-bb70-4946-a8e6-8962b02cf07f}</UniqueIdentifier>
    </Filter>
    <Filter Include="Common">
      <UniqueIdentifier>{861c386f-6826-44c2-a5cd-51804ca58bed}</UniqueIdentifier>
    </Filter>
  </ItemGroup>
  <ItemGroup>
    <ClInclude Include="physics_func.h">
      <Filter>Header Files</Filter>
    </ClInclude>
    <ClInclude Include="..\common\common.h">
      <Filter>Common</Filter>
    </ClInclude>
    <ClInclude Include="..\common\ctrl_func.h">
      <Filter>Common</Filter>
    </ClInclude>
    <ClInclude Include="..\common\perf_func.h">
      <Filter>Common</Filter>
    </ClInclude>
    <ClInclude Include="..\common\render_func.h">
      <Filter>Common</Filter>
    </ClInclude>
  </ItemGroup>
  <ItemGroup>
    <ClCompile Include="main.cpp">
      <Filter>Source Files</Filter>
    </ClCompile>
    <ClCompile Include="physics_func.cpp">
      <Filter>Source Files</Filter>
    </ClCompile>
    <ClCompile Include="..\common\ctrl_func.win32.cpp">
      <Filter>Common</Filter>
    </ClCompile>
    <ClCompile Include="..\common\perf_func.win32.cpp">
      <Filter>Common</Filter>
    </ClCompile>
    <ClCompile Include="..\common\render_func.win32.cpp">
      <Filter>Common</Filter>
    </ClCompile>
  </ItemGroup>
</Project>