
Microsoft Visual Studio Solution File, Format Version 12.00
# Visual Studio Express 2013 for Windows Desktop
VisualStudioVersion = 12.0.21005.1
MinimumVisualStudioVersion = 10.0.40219.1
Project("{8BC9CEB8-8B4A-11D0-8D11-00A0C91BC942}") = "opencvtest", "opencvtest.vcxproj", "{800DD36D-966B-40ED-AE2B-D52308B868CC}"
EndProject
Global
	GlobalSection(SolutionConfigurationPlatforms) = preSolution
		Debug|Win32 = Debug|Win32
		Release|Win32 = Release|Win32
	EndGlobalSection
	GlobalSection(ProjectConfigurationPlatforms) = postSolution
		{800DD36D-966B-40ED-AE2B-D52308B868CC}.Debug|Win32.ActiveCfg = Debug|Win32
		{800DD36D-966B-40ED-AE2B-D52308B868CC}.Debug|Win32.Build.0 = Debug|Win32
		{800DD36D-966B-40ED-AE2B-D52308B868CC}.Release|Win32.ActiveCfg = Release|Win32
		{800DD36D-966B-40ED-AE2B-D52308B868CC}.Release|Win32.Build.0 = Release|Win32
	EndGlobalSection
	GlobalSection(SolutionProperties) = preSolution
		HideSolutionNode = FALSE
	EndGlobalSection
EndGlobal
