Microsoft Visual Studio Solution File, Format Version 12.00
# Visual Studio Version 16
VisualStudioVersion = 16.0.29123.88
MinimumVisualStudioVersion = 10.0.40219.1
Project("{8BC9CEB8-8B4A-11D0-8D11-00A0C91BC942}") = "botlib", "botlib\botlib.vcxproj", "{A410161F-AE9F-485D-A01F-5294891430A6}"
EndProject
Project("{8BC9CEB8-8B4A-11D0-8D11-00A0C91BC942}") = "cgame", "cgame\cgame.vcxproj", "{C878E295-CB82-4B40-8ECF-5CE5525466FA}"
	ProjectSection(ProjectDependencies) = postProject
		{7B359F58-F9DC-472C-A53D-47C286D12F2C} = {7B359F58-F9DC-472C-A53D-47C286D12F2C}
		{B5045CDA-4796-4CB2-B680-942A51ACCC71} = {B5045CDA-4796-4CB2-B680-942A51ACCC71}
	EndProjectSection
EndProject
Project("{8BC9CEB8-8B4A-11D0-8D11-00A0C91BC942}") = "renderer", "renderer\renderer.vcxproj", "{AB424155-FBED-4D8D-B007-5B6CF93EA395}"
EndProject
Project("{8BC9CEB8-8B4A-11D0-8D11-00A0C91BC942}") = "qcommon_lib", "qcommon_lib\qcommon_lib.vcxproj", "{B5045CDA-4796-4CB2-B680-942A51ACCC71}"
EndProject
Project("{8BC9CEB8-8B4A-11D0-8D11-00A0C91BC942}") = "cgame_game", "cgame_game\cgame_game.vcxproj", "{7B359F58-F9DC-472C-A53D-47C286D12F2C}"
EndProject
Project("{8BC9CEB8-8B4A-11D0-8D11-00A0C91BC942}") = "cgame_game_q3_ui", "cgame_game_q3_ui\cgame_game_q3_ui.vcxproj", "{A0B650A7-D9CC-4B7A-9F6E-73344A243BBA}"
EndProject
Project("{8BC9CEB8-8B4A-11D0-8D11-00A0C91BC942}") = "cgame_ui", "cgame_ui\cgame_ui.vcxproj", "{14FAB8B2-38AA-4302-93FE-F07322EE3BC1}"
EndProject
Project("{8BC9CEB8-8B4A-11D0-8D11-00A0C91BC942}") = "qagame", "qagame\qagame.vcxproj", "{F9EE10DA-2404-4154-B904-F93C936C040A}"
	ProjectSection(ProjectDependencies) = postProject
		{B5045CDA-4796-4CB2-B680-942A51ACCC71} = {B5045CDA-4796-4CB2-B680-942A51ACCC71}
	EndProjectSection
EndProject
Project("{8BC9CEB8-8B4A-11D0-8D11-00A0C91BC942}") = "ui", "ui\ui.vcxproj", "{D454C4C7-7765-4149-ABAD-05FDEB9D94F8}"
	ProjectSection(ProjectDependencies) = postProject
		{A0B650A7-D9CC-4B7A-9F6E-73344A243BBA} = {A0B650A7-D9CC-4B7A-9F6E-73344A243BBA}
		{B5045CDA-4796-4CB2-B680-942A51ACCC71} = {B5045CDA-4796-4CB2-B680-942A51ACCC71}
	EndProjectSection
EndProject
Project("{8BC9CEB8-8B4A-11D0-8D11-00A0C91BC942}") = "quake3", "quake3\quake3.vcxproj", "{81CB51C4-B434-4E12-B69B-BAEE102F2852}"
EndProject
Global
	GlobalSection(SolutionConfigurationPlatforms) = preSolution
		Debug TA|Win32 = Debug TA|Win32
		Debug|Win32 = Debug|Win32
		Release TA|Win32 = Release TA|Win32
		Release|Win32 = Release|Win32
		vector|Win32 = vector|Win32
	EndGlobalSection
	GlobalSection(ProjectConfigurationPlatforms) = postSolution
		{A410161F-AE9F-485D-A01F-5294891430A6}.Debug TA|Win32.ActiveCfg = Debug TA|Win32
		{A410161F-AE9F-485D-A01F-5294891430A6}.Debug TA|Win32.Build.0 = Debug TA|Win32
		{A410161F-AE9F-485D-A01F-5294891430A6}.Debug|Win32.ActiveCfg = Debug|Win32
		{A410161F-AE9F-485D-A01F-5294891430A6}.Debug|Win32.Build.0 = Debug|Win32
		{A410161F-AE9F-485D-A01F-5294891430A6}.Release TA|Win32.ActiveCfg = Release|Win32
		{A410161F-AE9F-485D-A01F-5294891430A6}.Release TA|Win32.Build.0 = Release|Win32
		{A410161F-AE9F-485D-A01F-5294891430A6}.Release|Win32.ActiveCfg = Release|Win32
		{A410161F-AE9F-485D-A01F-5294891430A6}.Release|Win32.Build.0 = Release|Win32
		{A410161F-AE9F-485D-A01F-5294891430A6}.vector|Win32.ActiveCfg = vector|Win32
		{A410161F-AE9F-485D-A01F-5294891430A6}.vector|Win32.Build.0 = vector|Win32
		{C878E295-CB82-4B40-8ECF-5CE5525466FA}.Debug TA|Win32.ActiveCfg = Debug TA|Win32
		{C878E295-CB82-4B40-8ECF-5CE5525466FA}.Debug TA|Win32.Build.0 = Debug TA|Win32
		{C878E295-CB82-4B40-8ECF-5CE5525466FA}.Debug|Win32.ActiveCfg = Debug|Win32
		{C878E295-CB82-4B40-8ECF-5CE5525466FA}.Debug|Win32.Build.0 = Debug|Win32
		{C878E295-CB82-4B40-8ECF-5CE5525466FA}.Release TA|Win32.ActiveCfg = Release|Win32
		{C878E295-CB82-4B40-8ECF-5CE5525466FA}.Release TA|Win32.Build.0 = Release|Win32
		{C878E295-CB82-4B40-8ECF-5CE5525466FA}.Release|Win32.ActiveCfg = Release|Win32
		{C878E295-CB82-4B40-8ECF-5CE5525466FA}.Release|Win32.Build.0 = Release|Win32
		{C878E295-CB82-4B40-8ECF-5CE5525466FA}.vector|Win32.ActiveCfg = Debug TA|Win32
		{C878E295-CB82-4B40-8ECF-5CE5525466FA}.vector|Win32.Build.0 = Debug TA|Win32
		{AB424155-FBED-4D8D-B007-5B6CF93EA395}.Debug TA|Win32.ActiveCfg = Debug TA|Win32
		{AB424155-FBED-4D8D-B007-5B6CF93EA395}.Debug TA|Win32.Build.0 = Debug TA|Win32
		{AB424155-FBED-4D8D-B007-5B6CF93EA395}.Debug|Win32.ActiveCfg = Debug|Win32
		{AB424155-FBED-4D8D-B007-5B6CF93EA395}.Debug|Win32.Build.0 = Debug|Win32
		{AB424155-FBED-4D8D-B007-5B6CF93EA395}.Release TA|Win32.ActiveCfg = Release|Win32
		{AB424155-FBED-4D8D-B007-5B6CF93EA395}.Release TA|Win32.Build.0 = Release|Win32
		{AB424155-FBED-4D8D-B007-5B6CF93EA395}.Release|Win32.ActiveCfg = Release|Win32
		{AB424155-FBED-4D8D-B007-5B6CF93EA395}.Release|Win32.Build.0 = Release|Win32
		{AB424155-FBED-4D8D-B007-5B6CF93EA395}.vector|Win32.ActiveCfg = vector|Win32
		{AB424155-FBED-4D8D-B007-5B6CF93EA395}.vector|Win32.Build.0 = vector|Win32
		{B5045CDA-4796-4CB2-B680-942A51ACCC71}.Debug TA|Win32.ActiveCfg = Debug|Win32
		{B5045CDA-4796-4CB2-B680-942A51ACCC71}.Debug TA|Win32.Build.0 = Debug|Win32
		{B5045CDA-4796-4CB2-B680-942A51ACCC71}.Debug|Win32.ActiveCfg = Debug|Win32
		{B5045CDA-4796-4CB2-B680-942A51ACCC71}.Debug|Win32.Build.0 = Debug|Win32
		{B5045CDA-4796-4CB2-B680-942A51ACCC71}.Release TA|Win32.ActiveCfg = Release|Win32
		{B5045CDA-4796-4CB2-B680-942A51ACCC71}.Release TA|Win32.Build.0 = Release|Win32
		{B5045CDA-4796-4CB2-B680-942A51ACCC71}.Release|Win32.ActiveCfg = Release|Win32
		{B5045CDA-4796-4CB2-B680-942A51ACCC71}.Release|Win32.Build.0 = Release|Win32
		{B5045CDA-4796-4CB2-B680-942A51ACCC71}.vector|Win32.ActiveCfg = Release|Win32
		{B5045CDA-4796-4CB2-B680-942A51ACCC71}.vector|Win32.Build.0 = Release|Win32
		{7B359F58-F9DC-472C-A53D-47C286D12F2C}.Debug TA|Win32.ActiveCfg = Debug|Win32
		{7B359F58-F9DC-472C-A53D-47C286D12F2C}.Debug TA|Win32.Build.0 = Debug|Win32
		{7B359F58-F9DC-472C-A53D-47C286D12F2C}.Debug|Win32.ActiveCfg = Debug|Win32
		{7B359F58-F9DC-472C-A53D-47C286D12F2C}.Debug|Win32.Build.0 = Debug|Win32
		{7B359F58-F9DC-472C-A53D-47C286D12F2C}.Release TA|Win32.ActiveCfg = Release|Win32
		{7B359F58-F9DC-472C-A53D-47C286D12F2C}.Release TA|Win32.Build.0 = Release|Win32
		{7B359F58-F9DC-472C-A53D-47C286D12F2C}.Release|Win32.ActiveCfg = Release|Win32
		{7B359F58-F9DC-472C-A53D-47C286D12F2C}.Release|Win32.Build.0 = Release|Win32
		{7B359F58-F9DC-472C-A53D-47C286D12F2C}.vector|Win32.ActiveCfg = Release|Win32
		{7B359F58-F9DC-472C-A53D-47C286D12F2C}.vector|Win32.Build.0 = Release|Win32
		{A0B650A7-D9CC-4B7A-9F6E-73344A243BBA}.Debug TA|Win32.ActiveCfg = Debug|Win32
		{A0B650A7-D9CC-4B7A-9F6E-73344A243BBA}.Debug TA|Win32.Build.0 = Debug|Win32
		{A0B650A7-D9CC-4B7A-9F6E-73344A243BBA}.Debug|Win32.ActiveCfg = Debug|Win32
		{A0B650A7-D9CC-4B7A-9F6E-73344A243BBA}.Debug|Win32.Build.0 = Debug|Win32
		{A0B650A7-D9CC-4B7A-9F6E-73344A243BBA}.Release TA|Win32.ActiveCfg = Release|Win32
		{A0B650A7-D9CC-4B7A-9F6E-73344A243BBA}.Release TA|Win32.Build.0 = Release|Win32
		{A0B650A7-D9CC-4B7A-9F6E-73344A243BBA}.Release|Win32.ActiveCfg = Release|Win32
		{A0B650A7-D9CC-4B7A-9F6E-73344A243BBA}.Release|Win32.Build.0 = Release|Win32
		{A0B650A7-D9CC-4B7A-9F6E-73344A243BBA}.vector|Win32.ActiveCfg = Release|Win32
		{A0B650A7-D9CC-4B7A-9F6E-73344A243BBA}.vector|Win32.Build.0 = Release|Win32
		{14FAB8B2-38AA-4302-93FE-F07322EE3BC1}.Debug TA|Win32.ActiveCfg = Debug|Win32
		{14FAB8B2-38AA-4302-93FE-F07322EE3BC1}.Debug TA|Win32.Build.0 = Debug|Win32
		{14FAB8B2-38AA-4302-93FE-F07322EE3BC1}.Debug|Win32.ActiveCfg = Debug|Win32
		{14FAB8B2-38AA-4302-93FE-F07322EE3BC1}.Debug|Win32.Build.0 = Debug|Win32
		{14FAB8B2-38AA-4302-93FE-F07322EE3BC1}.Release TA|Win32.ActiveCfg = Release|Win32
		{14FAB8B2-38AA-4302-93FE-F07322EE3BC1}.Release TA|Win32.Build.0 = Release|Win32
		{14FAB8B2-38AA-4302-93FE-F07322EE3BC1}.Release|Win32.ActiveCfg = Release|Win32
		{14FAB8B2-38AA-4302-93FE-F07322EE3BC1}.Release|Win32.Build.0 = Release|Win32
		{14FAB8B2-38AA-4302-93FE-F07322EE3BC1}.vector|Win32.ActiveCfg = Release|Win32
		{14FAB8B2-38AA-4302-93FE-F07322EE3BC1}.vector|Win32.Build.0 = Release|Win32
		{F9EE10DA-2404-4154-B904-F93C936C040A}.Debug TA|Win32.ActiveCfg = Debug TA|Win32
		{F9EE10DA-2404-4154-B904-F93C936C040A}.Debug TA|Win32.Build.0 = Debug TA|Win32
		{F9EE10DA-2404-4154-B904-F93C936C040A}.Debug|Win32.ActiveCfg = Debug|Win32
		{F9EE10DA-2404-4154-B904-F93C936C040A}.Debug|Win32.Build.0 = Debug|Win32
		{F9EE10DA-2404-4154-B904-F93C936C040A}.Release TA|Win32.ActiveCfg = Release|Win32
		{F9EE10DA-2404-4154-B904-F93C936C040A}.Release TA|Win32.Build.0 = Release|Win32
		{F9EE10DA-2404-4154-B904-F93C936C040A}.Release|Win32.ActiveCfg = Release|Win32
		{F9EE10DA-2404-4154-B904-F93C936C040A}.Release|Win32.Build.0 = Release|Win32
		{F9EE10DA-2404-4154-B904-F93C936C040A}.vector|Win32.ActiveCfg = Debug TA|Win32
		{F9EE10DA-2404-4154-B904-F93C936C040A}.vector|Win32.Build.0 = Debug TA|Win32
		{D454C4C7-7765-4149-ABAD-05FDEB9D94F8}.Debug TA|Win32.ActiveCfg = Debug TA|Win32
		{D454C4C7-7765-4149-ABAD-05FDEB9D94F8}.Debug TA|Win32.Build.0 = Debug TA|Win32
		{D454C4C7-7765-4149-ABAD-05FDEB9D94F8}.Debug|Win32.ActiveCfg = Debug|Win32
		{D454C4C7-7765-4149-ABAD-05FDEB9D94F8}.Debug|Win32.Build.0 = Debug|Win32
		{D454C4C7-7765-4149-ABAD-05FDEB9D94F8}.Release TA|Win32.ActiveCfg = Release|Win32
		{D454C4C7-7765-4149-ABAD-05FDEB9D94F8}.Release TA|Win32.Build.0 = Release|Win32
		{D454C4C7-7765-4149-ABAD-05FDEB9D94F8}.Release|Win32.ActiveCfg = Release|Win32
		{D454C4C7-7765-4149-ABAD-05FDEB9D94F8}.Release|Win32.Build.0 = Release|Win32
		{D454C4C7-7765-4149-ABAD-05FDEB9D94F8}.vector|Win32.ActiveCfg = Debug TA|Win32
		{D454C4C7-7765-4149-ABAD-05FDEB9D94F8}.vector|Win32.Build.0 = Debug TA|Win32
		{81CB51C4-B434-4E12-B69B-BAEE102F2852}.Debug TA|Win32.ActiveCfg = Debug TA|Win32
		{81CB51C4-B434-4E12-B69B-BAEE102F2852}.Debug TA|Win32.Build.0 = Debug TA|Win32
		{81CB51C4-B434-4E12-B69B-BAEE102F2852}.Debug|Win32.ActiveCfg = Debug|Win32
		{81CB51C4-B434-4E12-B69B-BAEE102F2852}.Debug|Win32.Build.0 = Debug|Win32
		{81CB51C4-B434-4E12-B69B-BAEE102F2852}.Release TA|Win32.ActiveCfg = vector|Win32
		{81CB51C4-B434-4E12-B69B-BAEE102F2852}.Release TA|Win32.Build.0 = vector|Win32
		{81CB51C4-B434-4E12-B69B-BAEE102F2852}.Release|Win32.ActiveCfg = Release|Win32
		{81CB51C4-B434-4E12-B69B-BAEE102F2852}.Release|Win32.Build.0 = Release|Win32
		{81CB51C4-B434-4E12-B69B-BAEE102F2852}.vector|Win32.ActiveCfg = vector|Win32
		{81CB51C4-B434-4E12-B69B-BAEE102F2852}.vector|Win32.Build.0 = vector|Win32
	EndGlobalSection
	GlobalSection(SolutionProperties) = preSolution
		HideSolutionNode = FALSE
	EndGlobalSection
	GlobalSection(ExtensibilityGlobals) = postSolution
		SolutionGuid = {5E20ED67-EA36-44E5-8918-8F8099266B03}
	EndGlobalSection
EndGlobal
