
Microsoft Visual Studio Solution File, Format Version 12.00
# Visual Studio Express 2013 for Windows Desktop
VisualStudioVersion = 12.0.31101.0
MinimumVisualStudioVersion = 10.0.40219.1
Project("{8BC9CEB8-8B4A-11D0-8D11-00A0C91BC942}") = "01_basic", "01_basic\01_basic.vcxproj", "{2E2AB91E-F094-492A-8619-9A746100FDF0}"
	ProjectSection(ProjectDependencies) = postProject
		{3FC05917-33AA-4C42-A84C-044910ECABF2} = {3FC05917-33AA-4C42-A84C-044910ECABF2}
	EndProjectSection
EndProject
Project("{8BC9CEB8-8B4A-11D0-8D11-00A0C91BC942}") = "easy_physics", "..\easy_physics\project\easy_physics.vcxproj", "{3FC05917-33AA-4C42-A84C-044910ECABF2}"
EndProject
Project("{8BC9CEB8-8B4A-11D0-8D11-00A0C91BC942}") = "03_joint", "03_joint\03_joint.vcxproj", "{D9B6EA80-24AF-4F9E-83F6-3F5F44B1D186}"
EndProject
Project("{8BC9CEB8-8B4A-11D0-8D11-00A0C91BC942}") = "02_compound", "02_compound\02_compound.vcxproj", "{C4A13FC7-5AE4-4D2D-BB4F-EA325DE1929F}"
EndProject
Project("{FAE04EC0-301F-11D3-BF4B-00C04F79EFBC}") = "EasyPhisicsDotNet", "..\EasyPhisicsDotNet\EasyPhisicsDotNet.csproj", "{6F825211-F6EE-4296-BED5-66E7465EC90A}"
EndProject
Project("{FAE04EC0-301F-11D3-BF4B-00C04F79EFBC}") = "01_basic_wpf", "01_basic_wpf\01_basic_wpf.csproj", "{8A95D26F-DCB6-46E9-ABEE-828725F132FB}"
EndProject
Project("{FAE04EC0-301F-11D3-BF4B-00C04F79EFBC}") = "SampleDotNet", "SampleDotNet\SampleDotNet.csproj", "{3E6AB106-C5A3-4598-BFE9-87E858DCAFF5}"
EndProject
Project("{FAE04EC0-301F-11D3-BF4B-00C04F79EFBC}") = "EasyPhisicsDotNetTest", "..\EasyPhisicsDotNetTest\EasyPhisicsDotNetTest.csproj", "{63C6CE88-1C29-44E5-8D2E-0357730868D5}"
EndProject
Global
	GlobalSection(SolutionConfigurationPlatforms) = preSolution
		Debug|Any CPU = Debug|Any CPU
		Debug|Mixed Platforms = Debug|Mixed Platforms
		Debug|Win32 = Debug|Win32
		Release|Any CPU = Release|Any CPU
		Release|Mixed Platforms = Release|Mixed Platforms
		Release|Win32 = Release|Win32
	EndGlobalSection
	GlobalSection(ProjectConfigurationPlatforms) = postSolution
		{2E2AB91E-F094-492A-8619-9A746100FDF0}.Debug|Any CPU.ActiveCfg = Debug|Win32
		{2E2AB91E-F094-492A-8619-9A746100FDF0}.Debug|Mixed Platforms.ActiveCfg = Debug|Win32
		{2E2AB91E-F094-492A-8619-9A746100FDF0}.Debug|Mixed Platforms.Build.0 = Debug|Win32
		{2E2AB91E-F094-492A-8619-9A746100FDF0}.Debug|Win32.ActiveCfg = Debug|Win32
		{2E2AB91E-F094-492A-8619-9A746100FDF0}.Debug|Win32.Build.0 = Debug|Win32
		{2E2AB91E-F094-492A-8619-9A746100FDF0}.Release|Any CPU.ActiveCfg = Release|Win32
		{2E2AB91E-F094-492A-8619-9A746100FDF0}.Release|Mixed Platforms.ActiveCfg = Release|Win32
		{2E2AB91E-F094-492A-8619-9A746100FDF0}.Release|Mixed Platforms.Build.0 = Release|Win32
		{2E2AB91E-F094-492A-8619-9A746100FDF0}.Release|Win32.ActiveCfg = Release|Win32
		{2E2AB91E-F094-492A-8619-9A746100FDF0}.Release|Win32.Build.0 = Release|Win32
		{3FC05917-33AA-4C42-A84C-044910ECABF2}.Debug|Any CPU.ActiveCfg = Debug|Win32
		{3FC05917-33AA-4C42-A84C-044910ECABF2}.Debug|Mixed Platforms.ActiveCfg = Debug|Win32
		{3FC05917-33AA-4C42-A84C-044910ECABF2}.Debug|Mixed Platforms.Build.0 = Debug|Win32
		{3FC05917-33AA-4C42-A84C-044910ECABF2}.Debug|Win32.ActiveCfg = Debug|Win32
		{3FC05917-33AA-4C42-A84C-044910ECABF2}.Debug|Win32.Build.0 = Debug|Win32
		{3FC05917-33AA-4C42-A84C-044910ECABF2}.Release|Any CPU.ActiveCfg = Release|Win32
		{3FC05917-33AA-4C42-A84C-044910ECABF2}.Release|Mixed Platforms.ActiveCfg = Release|Win32
		{3FC05917-33AA-4C42-A84C-044910ECABF2}.Release|Mixed Platforms.Build.0 = Release|Win32
		{3FC05917-33AA-4C42-A84C-044910ECABF2}.Release|Win32.ActiveCfg = Release|Win32
		{3FC05917-33AA-4C42-A84C-044910ECABF2}.Release|Win32.Build.0 = Release|Win32
		{D9B6EA80-24AF-4F9E-83F6-3F5F44B1D186}.Debug|Any CPU.ActiveCfg = Debug|Win32
		{D9B6EA80-24AF-4F9E-83F6-3F5F44B1D186}.Debug|Mixed Platforms.ActiveCfg = Debug|Win32
		{D9B6EA80-24AF-4F9E-83F6-3F5F44B1D186}.Debug|Mixed Platforms.Build.0 = Debug|Win32
		{D9B6EA80-24AF-4F9E-83F6-3F5F44B1D186}.Debug|Win32.ActiveCfg = Debug|Win32
		{D9B6EA80-24AF-4F9E-83F6-3F5F44B1D186}.Debug|Win32.Build.0 = Debug|Win32
		{D9B6EA80-24AF-4F9E-83F6-3F5F44B1D186}.Release|Any CPU.ActiveCfg = Release|Win32
		{D9B6EA80-24AF-4F9E-83F6-3F5F44B1D186}.Release|Mixed Platforms.ActiveCfg = Release|Win32
		{D9B6EA80-24AF-4F9E-83F6-3F5F44B1D186}.Release|Mixed Platforms.Build.0 = Release|Win32
		{D9B6EA80-24AF-4F9E-83F6-3F5F44B1D186}.Release|Win32.ActiveCfg = Release|Win32
		{D9B6EA80-24AF-4F9E-83F6-3F5F44B1D186}.Release|Win32.Build.0 = Release|Win32
		{C4A13FC7-5AE4-4D2D-BB4F-EA325DE1929F}.Debug|Any CPU.ActiveCfg = Debug|Win32
		{C4A13FC7-5AE4-4D2D-BB4F-EA325DE1929F}.Debug|Mixed Platforms.ActiveCfg = Debug|Win32
		{C4A13FC7-5AE4-4D2D-BB4F-EA325DE1929F}.Debug|Mixed Platforms.Build.0 = Debug|Win32
		{C4A13FC7-5AE4-4D2D-BB4F-EA325DE1929F}.Debug|Win32.ActiveCfg = Debug|Win32
		{C4A13FC7-5AE4-4D2D-BB4F-EA325DE1929F}.Debug|Win32.Build.0 = Debug|Win32
		{C4A13FC7-5AE4-4D2D-BB4F-EA325DE1929F}.Release|Any CPU.ActiveCfg = Release|Win32
		{C4A13FC7-5AE4-4D2D-BB4F-EA325DE1929F}.Release|Mixed Platforms.ActiveCfg = Release|Win32
		{C4A13FC7-5AE4-4D2D-BB4F-EA325DE1929F}.Release|Mixed Platforms.Build.0 = Release|Win32
		{C4A13FC7-5AE4-4D2D-BB4F-EA325DE1929F}.Release|Win32.ActiveCfg = Release|Win32
		{C4A13FC7-5AE4-4D2D-BB4F-EA325DE1929F}.Release|Win32.Build.0 = Release|Win32
		{6F825211-F6EE-4296-BED5-66E7465EC90A}.Debug|Any CPU.ActiveCfg = Debug|Any CPU
		{6F825211-F6EE-4296-BED5-66E7465EC90A}.Debug|Any CPU.Build.0 = Debug|Any CPU
		{6F825211-F6EE-4296-BED5-66E7465EC90A}.Debug|Mixed Platforms.ActiveCfg = Debug|Any CPU
		{6F825211-F6EE-4296-BED5-66E7465EC90A}.Debug|Mixed Platforms.Build.0 = Debug|Any CPU
		{6F825211-F6EE-4296-BED5-66E7465EC90A}.Debug|Win32.ActiveCfg = Debug|Any CPU
		{6F825211-F6EE-4296-BED5-66E7465EC90A}.Release|Any CPU.ActiveCfg = Release|Any CPU
		{6F825211-F6EE-4296-BED5-66E7465EC90A}.Release|Any CPU.Build.0 = Release|Any CPU
		{6F825211-F6EE-4296-BED5-66E7465EC90A}.Release|Mixed Platforms.ActiveCfg = Release|Any CPU
		{6F825211-F6EE-4296-BED5-66E7465EC90A}.Release|Mixed Platforms.Build.0 = Release|Any CPU
		{6F825211-F6EE-4296-BED5-66E7465EC90A}.Release|Win32.ActiveCfg = Release|Any CPU
		{8A95D26F-DCB6-46E9-ABEE-828725F132FB}.Debug|Any CPU.ActiveCfg = Debug|Any CPU
		{8A95D26F-DCB6-46E9-ABEE-828725F132FB}.Debug|Any CPU.Build.0 = Debug|Any CPU
		{8A95D26F-DCB6-46E9-ABEE-828725F132FB}.Debug|Mixed Platforms.ActiveCfg = Debug|Any CPU
		{8A95D26F-DCB6-46E9-ABEE-828725F132FB}.Debug|Mixed Platforms.Build.0 = Debug|Any CPU
		{8A95D26F-DCB6-46E9-ABEE-828725F132FB}.Debug|Win32.ActiveCfg = Debug|Any CPU
		{8A95D26F-DCB6-46E9-ABEE-828725F132FB}.Release|Any CPU.ActiveCfg = Release|Any CPU
		{8A95D26F-DCB6-46E9-ABEE-828725F132FB}.Release|Any CPU.Build.0 = Release|Any CPU
		{8A95D26F-DCB6-46E9-ABEE-828725F132FB}.Release|Mixed Platforms.ActiveCfg = Release|Any CPU
		{8A95D26F-DCB6-46E9-ABEE-828725F132FB}.Release|Mixed Platforms.Build.0 = Release|Any CPU
		{8A95D26F-DCB6-46E9-ABEE-828725F132FB}.Release|Win32.ActiveCfg = Release|Any CPU
		{3E6AB106-C5A3-4598-BFE9-87E858DCAFF5}.Debug|Any CPU.ActiveCfg = Debug|Any CPU
		{3E6AB106-C5A3-4598-BFE9-87E858DCAFF5}.Debug|Any CPU.Build.0 = Debug|Any CPU
		{3E6AB106-C5A3-4598-BFE9-87E858DCAFF5}.Debug|Mixed Platforms.ActiveCfg = Debug|Any CPU
		{3E6AB106-C5A3-4598-BFE9-87E858DCAFF5}.Debug|Mixed Platforms.Build.0 = Debug|Any CPU
		{3E6AB106-C5A3-4598-BFE9-87E858DCAFF5}.Debug|Win32.ActiveCfg = Debug|Any CPU
		{3E6AB106-C5A3-4598-BFE9-87E858DCAFF5}.Release|Any CPU.ActiveCfg = Release|Any CPU
		{3E6AB106-C5A3-4598-BFE9-87E858DCAFF5}.Release|Any CPU.Build.0 = Release|Any CPU
		{3E6AB106-C5A3-4598-BFE9-87E858DCAFF5}.Release|Mixed Platforms.ActiveCfg = Release|Any CPU
		{3E6AB106-C5A3-4598-BFE9-87E858DCAFF5}.Release|Mixed Platforms.Build.0 = Release|Any CPU
		{3E6AB106-C5A3-4598-BFE9-87E858DCAFF5}.Release|Win32.ActiveCfg = Release|Any CPU
		{63C6CE88-1C29-44E5-8D2E-0357730868D5}.Debug|Any CPU.ActiveCfg = Debug|Any CPU
		{63C6CE88-1C29-44E5-8D2E-0357730868D5}.Debug|Any CPU.Build.0 = Debug|Any CPU
		{63C6CE88-1C29-44E5-8D2E-0357730868D5}.Debug|Mixed Platforms.ActiveCfg = Debug|Any CPU
		{63C6CE88-1C29-44E5-8D2E-0357730868D5}.Debug|Mixed Platforms.Build.0 = Debug|Any CPU
		{63C6CE88-1C29-44E5-8D2E-0357730868D5}.Debug|Win32.ActiveCfg = Debug|Any CPU
		{63C6CE88-1C29-44E5-8D2E-0357730868D5}.Release|Any CPU.ActiveCfg = Release|Any CPU
		{63C6CE88-1C29-44E5-8D2E-0357730868D5}.Release|Any CPU.Build.0 = Release|Any CPU
		{63C6CE88-1C29-44E5-8D2E-0357730868D5}.Release|Mixed Platforms.ActiveCfg = Release|Any CPU
		{63C6CE88-1C29-44E5-8D2E-0357730868D5}.Release|Mixed Platforms.Build.0 = Release|Any CPU
		{63C6CE88-1C29-44E5-8D2E-0357730868D5}.Release|Win32.ActiveCfg = Release|Any CPU
	EndGlobalSection
	GlobalSection(SolutionProperties) = preSolution
		HideSolutionNode = FALSE
	EndGlobalSection
EndGlobal
