
Microsoft Visual Studio Solution File, Format Version 12.00
# Visual Studio Version 16
VisualStudioVersion = 16.0.29230.47
MinimumVisualStudioVersion = 10.0.40219.1
Project("{FAE04EC0-301F-11D3-BF4B-00C04F79EFBC}") = "ServerApp", "Server\ServerApp.csproj", "{2AC747F6-161E-4852-A971-D015B9C3474D}"
EndProject
Project("{FAE04EC0-301F-11D3-BF4B-00C04F79EFBC}") = "ClientApp", "Client\ClientApp.csproj", "{9F43B782-D06D-44E0-83A4-67515A00A01C}"
EndProject
Project("{FAE04EC0-301F-11D3-BF4B-00C04F79EFBC}") = "Common", "Common\Common.csproj", "{4E1E14B6-6B2B-4955-9FCF-F9B09018D85F}"
EndProject
Global
	GlobalSection(SolutionConfigurationPlatforms) = preSolution
		Debug|Any CPU = Debug|Any CPU
		Release|Any CPU = Release|Any CPU
	EndGlobalSection
	GlobalSection(ProjectConfigurationPlatforms) = postSolution
		{2AC747F6-161E-4852-A971-D015B9C3474D}.Debug|Any CPU.ActiveCfg = Debug|Any CPU
		{2AC747F6-161E-4852-A971-D015B9C3474D}.Debug|Any CPU.Build.0 = Debug|Any CPU
		{2AC747F6-161E-4852-A971-D015B9C3474D}.Release|Any CPU.ActiveCfg = Release|Any CPU
		{2AC747F6-161E-4852-A971-D015B9C3474D}.Release|Any CPU.Build.0 = Release|Any CPU
		{9F43B782-D06D-44E0-83A4-67515A00A01C}.Debug|Any CPU.ActiveCfg = Debug|Any CPU
		{9F43B782-D06D-44E0-83A4-67515A00A01C}.Debug|Any CPU.Build.0 = Debug|Any CPU
		{9F43B782-D06D-44E0-83A4-67515A00A01C}.Release|Any CPU.ActiveCfg = Release|Any CPU
		{9F43B782-D06D-44E0-83A4-67515A00A01C}.Release|Any CPU.Build.0 = Release|Any CPU
		{4E1E14B6-6B2B-4955-9FCF-F9B09018D85F}.Debug|Any CPU.ActiveCfg = Debug|Any CPU
		{4E1E14B6-6B2B-4955-9FCF-F9B09018D85F}.Debug|Any CPU.Build.0 = Debug|Any CPU
		{4E1E14B6-6B2B-4955-9FCF-F9B09018D85F}.Release|Any CPU.ActiveCfg = Release|Any CPU
		{4E1E14B6-6B2B-4955-9FCF-F9B09018D85F}.Release|Any CPU.Build.0 = Release|Any CPU
	EndGlobalSection
	GlobalSection(SolutionProperties) = preSolution
		HideSolutionNode = FALSE
	EndGlobalSection
	GlobalSection(ExtensibilityGlobals) = postSolution
		SolutionGuid = {4772A8FD-4EE4-49BD-BD11-A97B8A7BB549}
	EndGlobalSection
EndGlobal
